
Microsoft Visual Studio Solution File, Format Version 12.00
# Visual Studio 15
VisualStudioVersion = 15.0.28307.106
MinimumVisualStudioVersion = 10.0.40219.1
Project("{FAE04EC0-301F-11D3-BF4B-00C04F79EFBC}") = "DatabaseCopier", "DatabaseCopier.csproj", "{43A5CFD1-A3B9-45FC-9B58-1946EDCF8A41}"
EndProject
Project("{FAE04EC0-301F-11D3-BF4B-00C04F79EFBC}") = "DatabaseCopier.Proxy", "..\DatabaseCopier.Proxy\DatabaseCopier.Proxy.csproj", "{8605E64C-2CBA-4D1F-9D49-F36B2258D03C}"
EndProject
Project("{FAE04EC0-301F-11D3-BF4B-00C04F79EFBC}") = "DatabaseCopier.Models", "DatabaseCopier.Models\DatabaseCopier.Models.csproj", "{08102119-36BB-4CEA-9FA3-21911C990D3F}"
EndProject
Global
	GlobalSection(SolutionConfigurationPlatforms) = preSolution
		Debug|Any CPU = Debug|Any CPU
		Release|Any CPU = Release|Any CPU
	EndGlobalSection
	GlobalSection(ProjectConfigurationPlatforms) = postSolution
		{43A5CFD1-A3B9-45FC-9B58-1946EDCF8A41}.Debug|Any CPU.ActiveCfg = Debug|Any CPU
		{43A5CFD1-A3B9-45FC-9B58-1946EDCF8A41}.Debug|Any CPU.Build.0 = Debug|Any CPU
		{43A5CFD1-A3B9-45FC-9B58-1946EDCF8A41}.Release|Any CPU.ActiveCfg = Release|Any CPU
		{43A5CFD1-A3B9-45FC-9B58-1946EDCF8A41}.Release|Any CPU.Build.0 = Release|Any CPU
		{8605E64C-2CBA-4D1F-9D49-F36B2258D03C}.Debug|Any CPU.ActiveCfg = Debug|Any CPU
		{8605E64C-2CBA-4D1F-9D49-F36B2258D03C}.Debug|Any CPU.Build.0 = Debug|Any CPU
		{8605E64C-2CBA-4D1F-9D49-F36B2258D03C}.Release|Any CPU.ActiveCfg = Release|Any CPU
		{8605E64C-2CBA-4D1F-9D49-F36B2258D03C}.Release|Any CPU.Build.0 = Release|Any CPU
		{08102119-36BB-4CEA-9FA3-21911C990D3F}.Debug|Any CPU.ActiveCfg = Debug|Any CPU
		{08102119-36BB-4CEA-9FA3-21911C990D3F}.Debug|Any CPU.Build.0 = Debug|Any CPU
		{08102119-36BB-4CEA-9FA3-21911C990D3F}.Release|Any CPU.ActiveCfg = Release|Any CPU
		{08102119-36BB-4CEA-9FA3-21911C990D3F}.Release|Any CPU.Build.0 = Release|Any CPU
	EndGlobalSection
	GlobalSection(SolutionProperties) = preSolution
		HideSolutionNode = FALSE
	EndGlobalSection
	GlobalSection(ExtensibilityGlobals) = postSolution
		SolutionGuid = {589E48AB-0AD3-4459-836F-6DC08C22E636}
	EndGlobalSection
EndGlobal
